# This file is autogenerated, do not edit; changes may be undone by the next 'dep ensure'.


[[projects]]
  branch = "develop"
  digest = "1:7e5cd050b793af0c64721ee7465f7cc6f7435ca4544cef5dad4bcaf2ef9a69c5"
  name = "github.com/Smilo-platform/web3go"
  packages = [
    "common",
    "provider",
    "rpc",
    "test",
    "web3",
  ]
  pruneopts = "UT"
  revision = "40cf0b9594250f981a6f29610b7ec3a97d7ef44c"

[[projects]]
  digest = "1:ffe9824d294da03b391f44e1ae8281281b4afc1bdaa9588c9097785e3af10cec"
  name = "github.com/davecgh/go-spew"
  packages = ["spew"]
  pruneopts = "UT"
  revision = "8991bc29aa16c548c550c7ff78260e27b9ab7c73"
  version = "v1.1.1"

[[projects]]
  digest = "1:0028cb19b2e4c3112225cd871870f2d9cf49b9b4276531f03438a88e94be86fe"
  name = "github.com/pmezard/go-difflib"
  packages = ["difflib"]
  pruneopts = "UT"
  revision = "792786c7400a136282c1664665ae0a8db921c6c2"
  version = "v1.0.0"

[[projects]]
  digest = "1:ac83cf90d08b63ad5f7e020ef480d319ae890c208f8524622a2f3136e2686b02"
  name = "github.com/stretchr/objx"
  packages = ["."]
  pruneopts = "UT"
  revision = "477a77ecc69700c7cdeb1fa9e129548e1c1c393c"
  version = "v0.1.1"

[[projects]]
  digest = "1:288e2ba4192b77ec619875ab54d82e2179ca8978e8baa690dcb4343a4a1f4da7"
  name = "github.com/stretchr/testify"
  packages = [
    "assert",
    "mock",
    "require",
    "suite",
  ]
  pruneopts = "UT"
  revision = "ffdc059bfe9ce6a4e144ba849dbedead332c6053"
  version = "v1.3.0"

[[projects]]
  branch = "master"
  digest = "1:fd6c914d58e3c73c2996c9b4cb45534b6ab4aa99051c20007c2911919375d2df"
  name = "github.com/tonnerre/golang-go.crypto"
  packages = ["sha3"]
  pruneopts = "UT"
  revision = "9bbb332f040b171b2fb4e08c53a3db3b3f6633c0"

[solve-meta]
  analyzer-name = "dep"
  analyzer-version = 1
  input-imports = [
    "github.com/Smilo-platform/web3go/common",
    "github.com/Smilo-platform/web3go/provider",
    "github.com/Smilo-platform/web3go/rpc",
    "github.com/Smilo-platform/web3go/test",
    "github.com/Smilo-platform/web3go/web3",
    "github.com/stretchr/testify/assert",
    "github.com/stretchr/testify/mock",
    "github.com/stretchr/testify/suite",
    "github.com/tonnerre/golang-go.crypto/sha3",
  ]
  solver-name = "gps-cdcl"
  solver-version = 1
